# THIS IS AN AUTOGENERATED FILE. DO NOT EDIT THIS FILE DIRECTLY.
# yarn lockfile v1


"@chainsafe/as-sha256@^0.3.1":
  version "0.3.1"
  resolved "https://registry.yarnpkg.com/@chainsafe/as-sha256/-/as-sha256-0.3.1.tgz#3639df0e1435cab03f4d9870cc3ac079e57a6fc9"
  integrity sha512-hldFFYuf49ed7DAakWVXSJODuq3pzJEguD8tQ7h+sGkM18vja+OFoJI9krnGmgzyuZC2ETX0NOIcCTy31v2Mtg==

"@chainsafe/as-sha256@^0.4.1":
  version "0.4.1"
  resolved "https://registry.yarnpkg.com/@chainsafe/as-sha256/-/as-sha256-0.4.1.tgz#cfc0737e25f8c206767bdb6703e7943e5d44513e"
  integrity sha512-IqeeGwQihK6Y2EYLFofqs2eY2ep1I2MvQXHzOAI+5iQN51OZlUkrLgyAugu2x86xZewDk5xas7lNczkzFzF62w==

"@chainsafe/bls-hd-key@^0.3.0":
  version "0.3.0"
  resolved "https://registry.yarnpkg.com/@chainsafe/bls-hd-key/-/bls-hd-key-0.3.0.tgz#2de2649d5daa76f7460fc23caacf4ed3ebd2c02a"
  integrity sha512-LsYYnfBEEmqGFPDm8hQN3Kc+v9wPFnhn+CToD403KEynUiUSHKLAf5B6UCY5eooShDOcaGCUgAUhIw1CmpEf3Q==
  dependencies:
    "@noble/hashes" "^1.0.0"

"@chainsafe/bls-keygen@^0.4.0":
  version "0.4.0"
  resolved "https://registry.yarnpkg.com/@chainsafe/bls-keygen/-/bls-keygen-0.4.0.tgz#782c6555cfb05b9efa6f144d782799e8695ca1b0"
  integrity sha512-wqtuj4G/sWpIugJW1mb/nSTwcTuZKqB3DS3ANUIOn7pva8EB6LfxgIL34o4qk3lti/8Mdxqtqc2n4xRszrNdzA==
  dependencies:
    "@chainsafe/bls-hd-key" "^0.3.0"
    "@noble/hashes" "^1.0.0"
    "@scure/bip39" "^1.0.0"

"@chainsafe/bls@7.1.1":
  version "7.1.1"
  resolved "https://registry.yarnpkg.com/@chainsafe/bls/-/bls-7.1.1.tgz#57db4b565a1a1a544c4091bb5f172d683fc65750"
  integrity sha512-56hjFJujW0Z0Ntkr8y22xIAfT4SChYWQtCGM8dfUMkWWX8xLOXkhBFFSNTvPXA5cBlsFlo102CtBo+6A60II2w==
  dependencies:
    "@chainsafe/bls-keygen" "^0.4.0"
    bls-eth-wasm "^0.4.8"
    randombytes "^2.1.0"

"@chainsafe/persistent-merkle-tree@^0.5.0":
  version "0.5.0"
  resolved "https://registry.yarnpkg.com/@chainsafe/persistent-merkle-tree/-/persistent-merkle-tree-0.5.0.tgz#2b4a62c9489a5739dedd197250d8d2f5427e9f63"
  integrity sha512-l0V1b5clxA3iwQLXP40zYjyZYospQLZXzBVIhhr9kDg/1qHZfzzHw0jj4VPBijfYCArZDlPkRi1wZaV2POKeuw==
  dependencies:
    "@chainsafe/as-sha256" "^0.3.1"

"@chainsafe/persistent-merkle-tree@^0.6.1":
  version "0.6.1"
  resolved "https://registry.yarnpkg.com/@chainsafe/persistent-merkle-tree/-/persistent-merkle-tree-0.6.1.tgz#37bde25cf6cbe1660ad84311aa73157dc86ec7f2"
  integrity sha512-gcENLemRR13+1MED2NeZBMA7FRS0xQPM7L2vhMqvKkjqtFT4YfjSVADq5U0iLuQLhFUJEMVuA8fbv5v+TN6O9A==
  dependencies:
    "@chainsafe/as-sha256" "^0.4.1"
    "@noble/hashes" "^1.3.0"

"@chainsafe/persistent-ts@^0.19.1":
  version "0.19.1"
  resolved "https://registry.yarnpkg.com/@chainsafe/persistent-ts/-/persistent-ts-0.19.1.tgz#53d03aa31ef7698b09327f74eef01e286b97bae3"
  integrity sha512-fUFFFFxdcpYkMAHnjm83EYL/R/smtVmEkJr3FGSI6dwPk4ue9rXjEHf7FTd3V8AbVOcTJGriN4cYf2V+HOYkjQ==

"@chainsafe/ssz@^0.10.2":
  version "0.10.2"
  resolved "https://registry.yarnpkg.com/@chainsafe/ssz/-/ssz-0.10.2.tgz#c782929e1bb25fec66ba72e75934b31fd087579e"
  integrity sha512-/NL3Lh8K+0q7A3LsiFq09YXS9fPE+ead2rr7vM2QK8PLzrNsw3uqrif9bpRX5UxgeRjM+vYi+boCM3+GM4ovXg==
  dependencies:
    "@chainsafe/as-sha256" "^0.3.1"
    "@chainsafe/persistent-merkle-tree" "^0.5.0"

"@cspotcode/source-map-support@^0.8.0":
  version "0.8.1"
  resolved "https://registry.yarnpkg.com/@cspotcode/source-map-support/-/source-map-support-0.8.1.tgz#00629c35a688e05a88b1cda684fb9d5e73f000a1"
  integrity sha512-IchNf6dN4tHoMFIn/7OE8LWZ19Y6q/67Bmf6vnGREv8RSbBVb9LPJxEcnwrcwX6ixSvaiGoomAUvu4YSxXrVgw==
  dependencies:
    "@jridgewell/trace-mapping" "0.3.9"

"@jridgewell/resolve-uri@^3.0.3":
  version "3.1.1"
  resolved "https://registry.yarnpkg.com/@jridgewell/resolve-uri/-/resolve-uri-3.1.1.tgz#c08679063f279615a3326583ba3a90d1d82cc721"
  integrity sha512-dSYZh7HhCDtCKm4QakX0xFpsRDqjjtZf/kjI/v3T3Nwt5r8/qz/M19F9ySyOqU94SXBmeG9ttTul+YnR4LOxFA==

"@jridgewell/sourcemap-codec@^1.4.10":
  version "1.4.15"
  resolved "https://registry.yarnpkg.com/@jridgewell/sourcemap-codec/-/sourcemap-codec-1.4.15.tgz#d7c6e6755c78567a951e04ab52ef0fd26de59f32"
  integrity sha512-eF2rxCRulEKXHTRiDrDy6erMYWqNw4LPdQ8UQA4huuxaQsVeRPFl2oM8oDGxMFhJUWZf9McpLtJasDDZb/Bpeg==

"@jridgewell/trace-mapping@0.3.9":
  version "0.3.9"
  resolved "https://registry.yarnpkg.com/@jridgewell/trace-mapping/-/trace-mapping-0.3.9.tgz#6534fd5933a53ba7cbf3a17615e273a0d1273ff9"
  integrity sha512-3Belt6tdc8bPgAtbcmdtNJlirVoTmEb5e2gC94PnkwEW9jI6CAHUeoG85tjWP5WquqfavoMtMwiG4P926ZKKuQ==
  dependencies:
    "@jridgewell/resolve-uri" "^3.0.3"
    "@jridgewell/sourcemap-codec" "^1.4.10"

"@lodestar/api@^1.11.1", "@lodestar/api@^1.9.2":
  version "1.11.1"
  resolved "https://registry.yarnpkg.com/@lodestar/api/-/api-1.11.1.tgz#f841e15c64c67bce1125769ae686b7063825e904"
  integrity sha512-5eIgPhyh6nxgg3WZmIzAWeY1P3tnsWNWxX6y03orQ4pNNxSao4IAFG+XD2+m+pXn3U2r5xJV+Z0pw3OSjwQuhg==
  dependencies:
    "@chainsafe/persistent-merkle-tree" "^0.5.0"
    "@chainsafe/ssz" "^0.10.2"
    "@lodestar/config" "^1.11.1"
    "@lodestar/params" "^1.11.1"
    "@lodestar/types" "^1.11.1"
    "@lodestar/utils" "^1.11.1"
    eventsource "^2.0.2"
    qs "^6.11.1"

"@lodestar/config@^1.11.1", "@lodestar/config@^1.9.2":
  version "1.11.1"
  resolved "https://registry.yarnpkg.com/@lodestar/config/-/config-1.11.1.tgz#e84e0c729ca6a7c5cb2cd5677defe8cc7112f906"
  integrity sha512-DdBTDsWeh8hLHbD5yHgpQU3wH8BF2I25e2LcSrM0QrHyhGcVbr8SJRvuDazjxDIsrHWOkUFtyqFCLxRbp5EyFQ==
  dependencies:
    "@chainsafe/ssz" "^0.10.2"
    "@lodestar/params" "^1.11.1"
    "@lodestar/types" "^1.11.1"

"@lodestar/light-client@^1.9.2":
  version "1.11.1"
  resolved "https://registry.yarnpkg.com/@lodestar/light-client/-/light-client-1.11.1.tgz#efab6810d7192c8d212e2c46a13dc2d67f7b249b"
  integrity sha512-NxYYRduL+8RT+fobP7FtC/K5/+5BrASzy6EazwH1Akf8sLk8eNHQC/woFpMtqkZRUWEyf7z//GZLagkS5HePqw==
  dependencies:
    "@chainsafe/bls" "7.1.1"
    "@chainsafe/persistent-merkle-tree" "^0.5.0"
    "@chainsafe/ssz" "^0.10.2"
    "@lodestar/api" "^1.11.1"
    "@lodestar/config" "^1.11.1"
    "@lodestar/params" "^1.11.1"
    "@lodestar/state-transition" "^1.11.1"
    "@lodestar/types" "^1.11.1"
    "@lodestar/utils" "^1.11.1"
    mitt "^3.0.0"
    strict-event-emitter-types "^2.0.0"

"@lodestar/params@^1.11.1", "@lodestar/params@^1.9.2":
  version "1.11.1"
  resolved "https://registry.yarnpkg.com/@lodestar/params/-/params-1.11.1.tgz#a4e7688ee4a60b6e0f3564be8f6b1b6187d14f2c"
  integrity sha512-sbCNKkEg+0oPsJaxneVQ8iyAADVrSfEO/oI3Eg2Oe9EFVfSPisxbNHepQFzvIyx6ZUAcmt+zwjCgXgWJYFO6mA==

"@lodestar/state-transition@^1.11.1":
  version "1.11.1"
  resolved "https://registry.yarnpkg.com/@lodestar/state-transition/-/state-transition-1.11.1.tgz#2b1f6ab4c78049146fb9027761f966eb98e844b6"
  integrity sha512-FQvYjDDhoTGmU3eyukfx3J5/gVYWDB3sURt7EppSfKRQYvrT0fKfxpkNj+y+6nTQZLoUkdcOFRv273p73kvwvA==
  dependencies:
    "@chainsafe/as-sha256" "^0.3.1"
    "@chainsafe/bls" "7.1.1"
    "@chainsafe/persistent-merkle-tree" "^0.5.0"
    "@chainsafe/persistent-ts" "^0.19.1"
    "@chainsafe/ssz" "^0.10.2"
    "@lodestar/config" "^1.11.1"
    "@lodestar/params" "^1.11.1"
    "@lodestar/types" "^1.11.1"
    "@lodestar/utils" "^1.11.1"
    bigint-buffer "^1.1.5"
    buffer-xor "^2.0.2"

"@lodestar/types@^1.11.1", "@lodestar/types@^1.9.2":
  version "1.11.1"
  resolved "https://registry.yarnpkg.com/@lodestar/types/-/types-1.11.1.tgz#ad9b50f56c59aa8f8a6283806feb2f221b4ac560"
  integrity sha512-nH4oRcjSrd9BG/ZqaKS/d9JIq3Ff3iPRYG0d9kxJIc2e8vQgnD4Tius3hE2eUKyJFYWnZrnWIMPIJCINrgL8ow==
  dependencies:
    "@chainsafe/ssz" "^0.10.2"
    "@lodestar/params" "^1.11.1"

"@lodestar/utils@^1.11.1", "@lodestar/utils@^1.9.2":
  version "1.11.1"
  resolved "https://registry.yarnpkg.com/@lodestar/utils/-/utils-1.11.1.tgz#144c43c35812d787833d562fbe6dc1907a73e6cf"
  integrity sha512-kF6fVe3F95vfK4SHbnGLRGHPuZ527dH2DpHmqSBkTB51V5C7OINI1pRKztsmA/lGv6aibNkC9ic3a2rI0axiSQ==
  dependencies:
    "@chainsafe/as-sha256" "^0.3.1"
    any-signal "3.0.1"
    bigint-buffer "^1.1.5"
    case "^1.6.3"
    chalk "^5.2.0"
    js-yaml "^4.1.0"

"@noble/hashes@^1.0.0", "@noble/hashes@^1.3.0", "@noble/hashes@~1.3.0":
  version "1.3.2"
  resolved "https://registry.yarnpkg.com/@noble/hashes/-/hashes-1.3.2.tgz#6f26dbc8fbc7205873ce3cee2f690eba0d421b39"
  integrity sha512-MVC8EAQp7MvEcm30KWENFjgR+Mkmf+D189XJTkFIlwohU5hcBbn1ZkKq7KVTi2Hme3PMGF390DaL52beVrIihQ==

"@scure/base@~1.1.0":
  version "1.1.3"
  resolved "https://registry.yarnpkg.com/@scure/base/-/base-1.1.3.tgz#8584115565228290a6c6c4961973e0903bb3df2f"
  integrity sha512-/+SgoRjLq7Xlf0CWuLHq2LUZeL/w65kfzAPG5NH9pcmBhs+nunQTn4gvdwgMTIXnt9b2C/1SeL2XiysZEyIC9Q==

"@scure/bip39@^1.0.0":
  version "1.2.1"
  resolved "https://registry.yarnpkg.com/@scure/bip39/-/bip39-1.2.1.tgz#5cee8978656b272a917b7871c981e0541ad6ac2a"
  integrity sha512-Z3/Fsz1yr904dduJD0NpiyRHhRYHdcnyh73FZWiV+/qhWi83wNJ3NWolYqCEN+ZWsUz2TWwajJggcRE9r1zUYg==
  dependencies:
    "@noble/hashes" "~1.3.0"
    "@scure/base" "~1.1.0"

"@tsconfig/node10@^1.0.7":
  version "1.0.9"
  resolved "https://registry.yarnpkg.com/@tsconfig/node10/-/node10-1.0.9.tgz#df4907fc07a886922637b15e02d4cebc4c0021b2"
  integrity sha512-jNsYVVxU8v5g43Erja32laIDHXeoNvFEpX33OK4d6hljo3jDhCBDhx5dhCCTMWUojscpAagGiRkBKxpdl9fxqA==

"@tsconfig/node12@^1.0.7":
  version "1.0.11"
  resolved "https://registry.yarnpkg.com/@tsconfig/node12/-/node12-1.0.11.tgz#ee3def1f27d9ed66dac6e46a295cffb0152e058d"
  integrity sha512-cqefuRsh12pWyGsIoBKJA9luFu3mRxCA+ORZvA4ktLSzIuCUtWVxGIuXigEwO5/ywWFMZ2QEGKWvkZG1zDMTag==

"@tsconfig/node14@^1.0.0":
  version "1.0.3"
  resolved "https://registry.yarnpkg.com/@tsconfig/node14/-/node14-1.0.3.tgz#e4386316284f00b98435bf40f72f75a09dabf6c1"
  integrity sha512-ysT8mhdixWK6Hw3i1V2AeRqZ5WfXg1G43mqoYlM2nc6388Fq5jcXyr5mRsqViLx/GJYdoL0bfXD8nmF+Zn/Iow==

"@tsconfig/node16@^1.0.2":
  version "1.0.4"
  resolved "https://registry.yarnpkg.com/@tsconfig/node16/-/node16-1.0.4.tgz#0b92dcc0cc1c81f6f306a381f28e31b1a56536e9"
  integrity sha512-vxhUy4J8lyeyinH7Azl1pdd43GJhZH/tP2weN8TntQblOY+A0XbT8DJk1/oCPuOOyg/Ja757rG0CgHcWC8OfMA==

"@types/node@^20.6.2":
  version "20.6.2"
  resolved "https://registry.yarnpkg.com/@types/node/-/node-20.6.2.tgz#a065925409f59657022e9063275cd0b9bd7e1b12"
  integrity sha512-Y+/1vGBHV/cYk6OI1Na/LHzwnlNCAfU3ZNGrc1LdRe/LAIbdDPTTv/HU3M7yXN448aTVDq3eKRm2cg7iKLb8gw==

acorn-walk@^8.1.1:
  version "8.2.0"
  resolved "https://registry.yarnpkg.com/acorn-walk/-/acorn-walk-8.2.0.tgz#741210f2e2426454508853a2f44d0ab83b7f69c1"
  integrity sha512-k+iyHEuPgSw6SbuDpGQM+06HQUa04DZ3o+F6CSzXMvvI5KMvnaEqXe+YVe555R9nn6GPt404fos4wcgpw12SDA==

acorn@^8.4.1:
  version "8.10.0"
  resolved "https://registry.yarnpkg.com/acorn/-/acorn-8.10.0.tgz#8be5b3907a67221a81ab23c7889c4c5526b62ec5"
  integrity sha512-F0SAmZ8iUtS//m8DmCTA0jlh6TDKkHQyK6xc6V4KDTyZKA9dnvX9/3sRTVQrWm79glUAZbnmmNcdYwUIHWVybw==

any-signal@3.0.1:
  version "3.0.1"
  resolved "https://registry.yarnpkg.com/any-signal/-/any-signal-3.0.1.tgz#49cae34368187a3472e31de28fb5cb1430caa9a6"
  integrity sha512-xgZgJtKEa9YmDqXodIgl7Fl1C8yNXr8w6gXjqK3LW4GcEiYT+6AQfJSE/8SPsEpLLmcvbv8YU+qet94UewHxqg==

arg@^4.1.0:
  version "4.1.3"
  resolved "https://registry.yarnpkg.com/arg/-/arg-4.1.3.tgz#269fc7ad5b8e42cb63c896d5666017261c144089"
  integrity sha512-58S9QDqG0Xx27YwPSt9fJxivjYl432YCwfDMfZ+71RAqUrZef7LrKQZ3LHLOwCS4FLNBplP533Zx895SeOCHvA==

argparse@^2.0.1:
  version "2.0.1"
  resolved "https://registry.yarnpkg.com/argparse/-/argparse-2.0.1.tgz#246f50f3ca78a3240f6c997e8a9bd1eac49e4b38"
  integrity sha512-8+9WqebbFzpX9OR+Wa6O29asIogeRMzcGtAINdpMHHyAg10f05aSFVBbcEqGf/PXw1EjAZ+q2/bEBg3DvurK3Q==

bigint-buffer@^1.1.5:
  version "1.1.5"
  resolved "https://registry.yarnpkg.com/bigint-buffer/-/bigint-buffer-1.1.5.tgz#d038f31c8e4534c1f8d0015209bf34b4fa6dd442"
  integrity sha512-trfYco6AoZ+rKhKnxA0hgX0HAbVP/s808/EuDSe2JDzUnCp/xAsli35Orvk67UrTEcwuxZqYZDmfA2RXJgxVvA==
  dependencies:
    bindings "^1.3.0"

bindings@^1.3.0:
  version "1.5.0"
  resolved "https://registry.yarnpkg.com/bindings/-/bindings-1.5.0.tgz#10353c9e945334bc0511a6d90b38fbc7c9c504df"
  integrity sha512-p2q/t/mhvuOj/UeLlV6566GD/guowlr0hHxClI0W9m7MWYkL1F0hLo+0Aexs9HSPCtR1SXQ0TD3MMKrXZajbiQ==
  dependencies:
    file-uri-to-path "1.0.0"

bls-eth-wasm@^0.4.8:
  version "0.4.8"
  resolved "https://registry.yarnpkg.com/bls-eth-wasm/-/bls-eth-wasm-0.4.8.tgz#ad1818fbd1bfb64d8f3e6cd104bd28b96ebaa5f1"
  integrity sha512-ye7+G6KFLb3i9xSrLASAoYqOUK5WLB6XA5DD8Sh0UQpZ3T999ylsYbFdoOJpmvTDuBuMi23Vy8Jm0pn/GF01CA==

buffer-xor@^2.0.2:
  version "2.0.2"
  resolved "https://registry.yarnpkg.com/buffer-xor/-/buffer-xor-2.0.2.tgz#34f7c64f04c777a1f8aac5e661273bb9dd320289"
  integrity sha512-eHslX0bin3GB+Lx2p7lEYRShRewuNZL3fUl4qlVJGGiwoPGftmt8JQgk2Y9Ji5/01TnVDo33E5b5O3vUB1HdqQ==
  dependencies:
    safe-buffer "^5.1.1"

call-bind@^1.0.0:
  version "1.0.2"
  resolved "https://registry.yarnpkg.com/call-bind/-/call-bind-1.0.2.tgz#b1d4e89e688119c3c9a903ad30abb2f6a919be3c"
  integrity sha512-7O+FbCihrB5WGbFYesctwmTKae6rOiIzmz1icreWJ+0aA7LJfuqhEso2T9ncpcFtzMQtzXf2QGGueWJGTYsqrA==
  dependencies:
    function-bind "^1.1.1"
    get-intrinsic "^1.0.2"

case@^1.6.3:
  version "1.6.3"
  resolved "https://registry.yarnpkg.com/case/-/case-1.6.3.tgz#0a4386e3e9825351ca2e6216c60467ff5f1ea1c9"
  integrity sha512-mzDSXIPaFwVDvZAHqZ9VlbyF4yyXRuX6IvB06WvPYkqJVO24kX1PPhv9bfpKNFZyxYFmmgo03HUiD8iklmJYRQ==

chalk@^5.2.0:
  version "5.3.0"
  resolved "https://registry.yarnpkg.com/chalk/-/chalk-5.3.0.tgz#67c20a7ebef70e7f3970a01f90fa210cb6860385"
  integrity sha512-dLitG79d+GV1Nb/VYcCDFivJeK1hiukt9QjRNVOsUtTy1rR1YJsmpGGTZ3qJos+uw7WmWF4wUwBd9jxjocFC2w==

create-require@^1.1.0:
  version "1.1.1"
  resolved "https://registry.yarnpkg.com/create-require/-/create-require-1.1.1.tgz#c1d7e8f1e5f6cfc9ff65f9cd352d37348756c333"
  integrity sha512-dcKFX3jn0MpIaXjisoRvexIJVEKzaq7z2rZKxf+MSr9TkdmHmsU4m2lcLojrj/FHl8mk5VxMmYA+ftRkP/3oKQ==

diff@^4.0.1:
  version "4.0.2"
  resolved "https://registry.yarnpkg.com/diff/-/diff-4.0.2.tgz#60f3aecb89d5fae520c11aa19efc2bb982aade7d"
  integrity sha512-58lmxKSA4BNyLz+HHMUzlOEpg09FV+ev6ZMe3vJihgdxzgcwZ8VoEEPmALCZG9LmqfVoNMMKpttIYTVG6uDY7A==

eventsource@^2.0.2:
  version "2.0.2"
  resolved "https://registry.yarnpkg.com/eventsource/-/eventsource-2.0.2.tgz#76dfcc02930fb2ff339520b6d290da573a9e8508"
  integrity sha512-IzUmBGPR3+oUG9dUeXynyNmf91/3zUSJg1lCktzKw47OXuhco54U3r9B7O4XX+Rb1Itm9OZ2b0RkTs10bICOxA==

file-uri-to-path@1.0.0:
  version "1.0.0"
  resolved "https://registry.yarnpkg.com/file-uri-to-path/-/file-uri-to-path-1.0.0.tgz#553a7b8446ff6f684359c445f1e37a05dacc33dd"
  integrity sha512-0Zt+s3L7Vf1biwWZ29aARiVYLx7iMGnEUl9x33fbB/j3jR81u/O2LbqK+Bm1CDSNDKVtJ/YjwY7TUd5SkeLQLw==

function-bind@^1.1.1:
  version "1.1.1"
  resolved "https://registry.yarnpkg.com/function-bind/-/function-bind-1.1.1.tgz#a56899d3ea3c9bab874bb9773b7c5ede92f4895d"
  integrity sha512-yIovAzMX49sF8Yl58fSCWJ5svSLuaibPxXQJFLmBObTuCr0Mf1KiPopGM9NiFjiYBCbfaa2Fh6breQ6ANVTI0A==

get-intrinsic@^1.0.2:
  version "1.2.1"
  resolved "https://registry.yarnpkg.com/get-intrinsic/-/get-intrinsic-1.2.1.tgz#d295644fed4505fc9cde952c37ee12b477a83d82"
  integrity sha512-2DcsyfABl+gVHEfCOaTrWgyt+tb6MSEGmKq+kI5HwLbIYgjgmMcV8KQ41uaKz1xxUcn9tJtgFbQUEVcEbd0FYw==
  dependencies:
    function-bind "^1.1.1"
    has "^1.0.3"
    has-proto "^1.0.1"
    has-symbols "^1.0.3"

has-proto@^1.0.1:
  version "1.0.1"
  resolved "https://registry.yarnpkg.com/has-proto/-/has-proto-1.0.1.tgz#1885c1305538958aff469fef37937c22795408e0"
  integrity sha512-7qE+iP+O+bgF9clE5+UoBFzE65mlBiVj3tKCrlNQ0Ogwm0BjpT/gK4SlLYDMybDh5I3TCTKnPPa0oMG7JDYrhg==

has-symbols@^1.0.3:
  version "1.0.3"
  resolved "https://registry.yarnpkg.com/has-symbols/-/has-symbols-1.0.3.tgz#bb7b2c4349251dce87b125f7bdf874aa7c8b39f8"
  integrity sha512-l3LCuF6MgDNwTDKkdYGEihYjt5pRPbEg46rtlmnSPlUbgmB8LOIrKJbYYFBSbnPaJexMKtiPO8hmeRjRz2Td+A==

has@^1.0.3:
  version "1.0.3"
  resolved "https://registry.yarnpkg.com/has/-/has-1.0.3.tgz#722d7cbfc1f6aa8241f16dd814e011e1f41e8796"
  integrity sha512-f2dvO0VU6Oej7RkWJGrehjbzMAjFp5/VKPp5tTpWIV4JHHZK1/BxbFRtf/siA2SWTe09caDmVtYYzWEIbBS4zw==
  dependencies:
    function-bind "^1.1.1"

js-yaml@^4.1.0:
  version "4.1.0"
  resolved "https://registry.yarnpkg.com/js-yaml/-/js-yaml-4.1.0.tgz#c1fb65f8f5017901cdd2c951864ba18458a10602"
  integrity sha512-wpxZs9NoxZaJESJGIZTyDEaYpl0FKSA+FB9aJiyemKhMwkxQg63h4T1KJgUGHpTqPDNRcmmYLugrRjJlBtWvRA==
  dependencies:
    argparse "^2.0.1"

make-error@^1.1.1:
  version "1.3.6"
  resolved "https://registry.yarnpkg.com/make-error/-/make-error-1.3.6.tgz#2eb2e37ea9b67c4891f684a1394799af484cf7a2"
  integrity sha512-s8UhlNe7vPKomQhC1qFelMokr/Sc3AgNbso3n74mVPA5LTZwkB9NlXf4XPamLxJE8h0gh73rM94xvwRT2CVInw==

mitt@^3.0.0:
  version "3.0.1"
  resolved "https://registry.yarnpkg.com/mitt/-/mitt-3.0.1.tgz#ea36cf0cc30403601ae074c8f77b7092cdab36d1"
  integrity sha512-vKivATfr97l2/QBCYAkXYDbrIWPM2IIKEl7YPhjCvKlG3kE2gm+uBo6nEXK3M5/Ffh/FLpKExzOQ3JJoJGFKBw==

object-inspect@^1.9.0:
  version "1.12.3"
  resolved "https://registry.yarnpkg.com/object-inspect/-/object-inspect-1.12.3.tgz#ba62dffd67ee256c8c086dfae69e016cd1f198b9"
  integrity sha512-geUvdk7c+eizMNUDkRpW1wJwgfOiOeHbxBR/hLXK1aT6zmVSO0jsQcs7fj6MGw89jC/cjGfLcNOrtMYtGqm81g==

qs@^6.11.1:
  version "6.11.2"
  resolved "https://registry.yarnpkg.com/qs/-/qs-6.11.2.tgz#64bea51f12c1f5da1bc01496f48ffcff7c69d7d9"
  integrity sha512-tDNIz22aBzCDxLtVH++VnTfzxlfeK5CbqohpSqpJgj1Wg/cQbStNAz3NuqCs5vV+pjBsK4x4pN9HlVh7rcYRiA==
  dependencies:
    side-channel "^1.0.4"

randombytes@^2.1.0:
  version "2.1.0"
  resolved "https://registry.yarnpkg.com/randombytes/-/randombytes-2.1.0.tgz#df6f84372f0270dc65cdf6291349ab7a473d4f2a"
  integrity sha512-vYl3iOX+4CKUWuxGi9Ukhie6fsqXqS9FE2Zaic4tNFD2N2QQaXOMFbuKK4QmDHC0JO6B1Zp41J0LpT0oR68amQ==
  dependencies:
    safe-buffer "^5.1.0"

safe-buffer@^5.1.0, safe-buffer@^5.1.1:
  version "5.2.1"
  resolved "https://registry.yarnpkg.com/safe-buffer/-/safe-buffer-5.2.1.tgz#1eaf9fa9bdb1fdd4ec75f58f9cdb4e6b7827eec6"
  integrity sha512-rp3So07KcdmmKbGvgaNxQSJr7bGVSVk5S9Eq1F+ppbRo70+YeaDxkw5Dd8NPN+GD6bjnYm2VuPuCXmpuYvmCXQ==

side-channel@^1.0.4:
  version "1.0.4"
  resolved "https://registry.yarnpkg.com/side-channel/-/side-channel-1.0.4.tgz#efce5c8fdc104ee751b25c58d4290011fa5ea2cf"
  integrity sha512-q5XPytqFEIKHkGdiMIrY10mvLRvnQh42/+GoBlFW3b2LXLE2xxJpZFdm94we0BaoV3RwJyGqg5wS7epxTv0Zvw==
  dependencies:
    call-bind "^1.0.0"
    get-intrinsic "^1.0.2"
    object-inspect "^1.9.0"

strict-event-emitter-types@^2.0.0:
  version "2.0.0"
  resolved "https://registry.yarnpkg.com/strict-event-emitter-types/-/strict-event-emitter-types-2.0.0.tgz#05e15549cb4da1694478a53543e4e2f4abcf277f"
  integrity sha512-Nk/brWYpD85WlOgzw5h173aci0Teyv8YdIAEtV+N88nDB0dLlazZyJMIsN6eo1/AR61l+p6CJTG1JIyFaoNEEA==

ts-node@^10.4.0:
  version "10.9.1"
  resolved "https://registry.yarnpkg.com/ts-node/-/ts-node-10.9.1.tgz#e73de9102958af9e1f0b168a6ff320e25adcff4b"
  integrity sha512-NtVysVPkxxrwFGUUxGYhfux8k78pQB3JqYBXlLRZgdGUqTO5wU/UyHop5p70iEbGhB7q5KmiZiU0Y3KlJrScEw==
  dependencies:
    "@cspotcode/source-map-support" "^0.8.0"
    "@tsconfig/node10" "^1.0.7"
    "@tsconfig/node12" "^1.0.7"
    "@tsconfig/node14" "^1.0.0"
    "@tsconfig/node16" "^1.0.2"
    acorn "^8.4.1"
    acorn-walk "^8.1.1"
    arg "^4.1.0"
    create-require "^1.1.0"
    diff "^4.0.1"
    make-error "^1.1.1"
    v8-compile-cache-lib "^3.0.1"
    yn "3.1.1"

typescript@^4.1.2:
  version "4.9.5"
  resolved "https://registry.yarnpkg.com/typescript/-/typescript-4.9.5.tgz#095979f9bcc0d09da324d58d03ce8f8374cbe65a"
  integrity sha512-1FXk9E2Hm+QzZQ7z+McJiHL4NW1F2EzMu9Nq9i3zAaGqibafqYwCVU6WyWAuyQRRzOlxou8xZSyXLEN8oKj24g==

v8-compile-cache-lib@^3.0.1:
  version "3.0.1"
  resolved "https://registry.yarnpkg.com/v8-compile-cache-lib/-/v8-compile-cache-lib-3.0.1.tgz#6336e8d71965cb3d35a1bbb7868445a7c05264bf"
  integrity sha512-wa7YjyUGfNZngI/vtK0UHAN+lgDCxBPCylVXGp0zu59Fz5aiGtNXaq3DhIov063MorB+VfufLh3JlF2KdTK3xg==

yn@3.1.1:
  version "3.1.1"
  resolved "https://registry.yarnpkg.com/yn/-/yn-3.1.1.tgz#1e87401a09d767c1d5eab26a6e4c185182d2eb50"
  integrity sha512-Ux4ygGWsu2c7isFWe8Yu1YluJmqVhxqK2cLXNQA5AcC3QfbGNpM7fu0Y8b/z16pXLnFxZYvWhd3fhBY9DLmC6Q==
